{
  "version": 4,
  "terraform_version": "1.9.5",
  "serial": 4,
  "lineage": "01a76f24-dec0-e3e7-0170-a038c366970a",
  "outputs": {},
  "resources": [
    {
      "module": "module.vpc",
      "mode": "managed",
      "type": "aws_internet_gateway",
      "name": "igw",
      "provider": "provider[\"registry.terraform.io/hashicorp/aws\"]",
      "instances": [
        {
          "schema_version": 0,
          "attributes": {
            "arn": "arn:aws:ec2:us-east-2:905418398781:internet-gateway/igw-035b16585ea739432",
            "id": "igw-035b16585ea739432",
            "owner_id": "905418398781",
            "tags": {
              "Name": "APCI-jupiter-default-igw",
              "application": "jupiter",
              "contact": "devops@apci.com",
              "creationTime": "2024-09-21T19:52:39Z",
              "environment": "default",
              "project": "APCI"
            },
            "tags_all": {
              "Name": "APCI-jupiter-default-igw",
              "application": "jupiter",
              "contact": "devops@apci.com",
              "creationTime": "2024-09-21T19:52:39Z",
              "environment": "default",
              "project": "APCI"
            },
            "timeouts": null,
            "vpc_id": "vpc-0c713d012e86ca17b"
          },
          "sensitive_attributes": [],
          "private": "eyJlMmJmYjczMC1lY2FhLTExZTYtOGY4OC0zNDM2M2JjN2M0YzAiOnsiY3JlYXRlIjoxMjAwMDAwMDAwMDAwLCJkZWxldGUiOjEyMDAwMDAwMDAwMDAsInVwZGF0ZSI6MTIwMDAwMDAwMDAwMH19",
          "dependencies": [
            "module.vpc.aws_vpc.apci_main_vpc"
          ]
        }
      ]
    },
    {
      "module": "module.vpc",
      "mode": "managed",
      "type": "aws_vpc",
      "name": "apci_main_vpc",
      "provider": "provider[\"registry.terraform.io/hashicorp/aws\"]",
      "instances": [
        {
          "schema_version": 1,
          "attributes": {
            "arn": "arn:aws:ec2:us-east-2:905418398781:vpc/vpc-0c713d012e86ca17b",
            "assign_generated_ipv6_cidr_block": false,
            "cidr_block": "10.0.0.0/16",
            "default_network_acl_id": "acl-0f9cbf9c7b207d635",
            "default_route_table_id": "rtb-047c6f10d904619f1",
            "default_security_group_id": "sg-0f793e5aca0cafdc0",
            "dhcp_options_id": "dopt-05dd3a45b23d7bb7c",
            "enable_dns_hostnames": false,
            "enable_dns_support": true,
            "enable_network_address_usage_metrics": false,
            "id": "vpc-0c713d012e86ca17b",
            "instance_tenancy": "default",
            "ipv4_ipam_pool_id": null,
            "ipv4_netmask_length": null,
            "ipv6_association_id": "",
            "ipv6_cidr_block": "",
            "ipv6_cidr_block_network_border_group": "",
            "ipv6_ipam_pool_id": "",
            "ipv6_netmask_length": 0,
            "main_route_table_id": "rtb-047c6f10d904619f1",
            "owner_id": "905418398781",
            "tags": {
              "Name": "APCI-jupiter-default-vpc",
              "application": "jupiter",
              "contact": "devops@apci.com",
              "creationTime": "2024-09-21T19:52:39Z",
              "environment": "default",
              "project": "APCI"
            },
            "tags_all": {
              "Name": "APCI-jupiter-default-vpc",
              "application": "jupiter",
              "contact": "devops@apci.com",
              "creationTime": "2024-09-21T19:52:39Z",
              "environment": "default",
              "project": "APCI"
            }
          },
          "sensitive_attributes": [],
          "private": "eyJzY2hlbWFfdmVyc2lvbiI6IjEifQ=="
        }
      ]
    }
  ],
  "check_results": null
}
